{
  "name": "terabox-m3u-generator",
  "version": "1.0.0",
  "lockfileVersion": 3,
  "requires": true,
  "packages": {
    "": {
      "name": "terabox-m3u-generator",
      "version": "1.0.0",
      "license": "MIT",
      "dependencies": {
        "terabox-api": "^2.9.2"
      }
    },
    "node_modules/crc-32": {
      "version": "1.2.2",
      "resolved": "https://registry.npmjs.org/crc-32/-/crc-32-1.2.2.tgz",
      "integrity": "sha512-ROmzCKrTnOwybPcJApAA6WBWij23HVfGVNKqqrZpuyZOHqK2CwHSvpGuyt/UNNvaIjEd8X5IFGp4Mh+Ie1IHJQ==",
      "license": "Apache-2.0",
      "bin": {
        "crc32": "bin/crc32.njs"
      },
      "engines": {
        "node": ">=0.8"
      }
    },
    "node_modules/filesize": {
      "version": "11.0.22",
      "resolved": "https://registry.npmjs.org/filesize/-/filesize-11.0.22.tgz",
      "integrity": "sha512-RlCVs9CY+oSsRnNZn95J9vDXjNjOwddKyTFjOYtA4yxYVIxBnwiVVGJX+TFhsmu3uUf81JDGyijtYL9xgawlTw==",
      "license": "BSD-3-Clause",
      "engines": {
        "node": ">= 10.8.0"
      }
    },
    "node_modules/terabox-api": {
      "version": "2.9.2",
      "resolved": "https://registry.npmjs.org/terabox-api/-/terabox-api-2.9.2.tgz",
      "integrity": "sha512-K5mUHbNQTAizVpmzs2rTkBs2FhGdfRf1YN3FNQHSUJo3f6YzU36zSEFKvgmjdK1sqDWe6BNvcW4RAV5Jfsp10g==",
      "license": "MIT",
      "dependencies": {
        "crc-32": "^1.2.2",
        "filesize": "^11.0.16",
        "tough-cookie": "^6.0.1",
        "undici": "^8.1.0"
      }
    },
    "node_modules/tldts": {
      "version": "7.4.9",
      "resolved": "https://registry.npmjs.org/tldts/-/tldts-7.4.9.tgz",
      "integrity": "sha512-3kZ8wQQ/k5DrChD4X4FVvr2D7E5uoRgAqkPyLpSCGUvqOvqu+JEdr3mwMUaVWb+vMHZaKhF5fp2PBigKsui7hA==",
      "license": "MIT",
      "dependencies": {
        "tldts-core": "^7.4.9"
      },
      "bin": {
        "tldts": "bin/cli.js"
      }
    },
    "node_modules/tldts-core": {
      "version": "7.4.9",
      "resolved": "https://registry.npmjs.org/tldts-core/-/tldts-core-7.4.9.tgz",
      "integrity": "sha512-DxKfPBI52p2msTEu7MPhdpdDTBhhVQg1a/8PjQckeyAvO13eMYElX545grIp6nnTGIMZlRvFZPvFhvI/WIz2Vg==",
      "license": "MIT"
    },
    "node_modules/tough-cookie": {
      "version": "6.0.2",
      "resolved": "https://registry.npmjs.org/tough-cookie/-/tough-cookie-6.0.2.tgz",
      "integrity": "sha512-exgYmnmL/sJpR3upZfXG5PoatXQii55xAiXGXzY+sROLZ/Y+SLcp9PgJNI9Vz37HpQ74WvDcLT8eqm+kV3FzrA==",
      "license": "BSD-3-Clause",
      "dependencies": {
        "tldts": "^7.0.5"
      },
      "engines": {
        "node": ">=16"
      }
    },
    "node_modules/undici": {
      "version": "8.9.0",
      "resolved": "https://registry.npmjs.org/undici/-/undici-8.9.0.tgz",
      "integrity": "sha512-aWZpUj7XoGonMClx4gdDRfgBjqeA+F473aDmROQQbM9n6PRfK/u1q/a0X4wMTgcHfT8H6fpbt98PFuDUwFg2YA==",
      "license": "MIT",
      "engines": {
        "node": ">=22.19.0"
      }
    }
  }
}
